{
  "name": "maxmind-polka",
  "version": "1.0.0",
  "lockfileVersion": 1,
  "requires": true,
  "dependencies": {
    "@arr/every": {
      "version": "1.0.0",
      "resolved": "https://registry.npmjs.org/@arr/every/-/every-1.0.0.tgz",
      "integrity": "sha1-MU+BaPUK5IoDLP2tX9tDb0ZKl6w="
    },
    "@polka/url": {
      "version": "0.5.0",
      "resolved": "https://registry.npmjs.org/@polka/url/-/url-0.5.0.tgz",
      "integrity": "sha512-oZLYFEAzUKyi3SKnXvj32ZCEGH6RDnao7COuCVhDydMS9NrCSVXhM79VaKyP5+Zc33m0QXEd2DN3UkU7OsHcfw=="
    },
    "big-integer": {
      "version": "1.6.41",
      "resolved": "https://registry.npmjs.org/big-integer/-/big-integer-1.6.41.tgz",
      "integrity": "sha512-d5AT9lMTYJ/ZE/4gzxb+5ttPcRWljVsvv7lF1w9KzkPhVUhBtHrjDo1J8swfZKepfLsliDhYa31zRYwcD0Yg9w=="
    },
    "matchit": {
      "version": "1.0.7",
      "resolved": "https://registry.npmjs.org/matchit/-/matchit-1.0.7.tgz",
      "integrity": "sha512-6GQP+4ukhBEL4pQPQlipd51XnpOlycit/3o6p4XhhZt2+9hc7JlHr7NuWbTLQ2MdSzcxR603L7LF4T8x1e1mXA==",
      "requires": {
        "@arr/every": "^1.0.0"
      }
    },
    "maxmind": {
      "version": "2.11.2",
      "resolved": "https://registry.npmjs.org/maxmind/-/maxmind-2.11.2.tgz",
      "integrity": "sha512-HtAjJ/imB1czSQ6Vx58J/PkWH7EROTqwOC5xNsxeEHKyKpPkQ7KXTFB7NeT5js1+z6N5rB5TzLcw2DbY7c4crg==",
      "requires": {
        "big-integer": "^1.6.31",
        "tiny-lru": "^5.0.3"
      }
    },
    "polka": {
      "version": "0.5.1",
      "resolved": "https://registry.npmjs.org/polka/-/polka-0.5.1.tgz",
      "integrity": "sha512-de0VgqoAgGIJoa4mTj+e9KKIt5uRJOGyE37TbsoYEuDzI+cbJZ8nKBRCmiwv9DUMKrYhAMHW/di7/6/65zgZZQ==",
      "requires": {
        "@polka/url": "^0.5.0",
        "trouter": "^2.0.1"
      }
    },
    "tiny-lru": {
      "version": "5.1.4",
      "resolved": "https://registry.npmjs.org/tiny-lru/-/tiny-lru-5.1.4.tgz",
      "integrity": "sha512-nL3xvigiDg/NF/p+kOvaVUB9ZPuJncVes3++QXcCIyXlohKf1+xddq0aexNpV+O3Cz1+w1VEGQweqIUUKmiZRg=="
    },
    "trouter": {
      "version": "2.0.1",
      "resolved": "https://registry.npmjs.org/trouter/-/trouter-2.0.1.tgz",
      "integrity": "sha512-kr8SKKw94OI+xTGOkfsvwZQ8mWoikZDd2n8XZHjJVZUARZT+4/VV6cacRS6CLsH9bNm+HFIPU1Zx4CnNnb4qlQ==",
      "requires": {
        "matchit": "^1.0.0"
      }
    }
  }
}
